
Microsoft Visual Studio Solution File, Format Version 12.00
# Visual Studio Version 17
VisualStudioVersion = 17.7.34221.43
MinimumVisualStudioVersion = 10.0.40219.1
Project("{FAE04EC0-301F-11D3-BF4B-00C04F79EFBC}") = "fptbook", "fptbook\fptbook.csproj", "{683CC302-ADA9-4D6D-B482-BCA32FB300A1}"
EndProject
Global
	GlobalSection(SolutionConfigurationPlatforms) = preSolution
		Debug|Any CPU = Debug|Any CPU
		Release|Any CPU = Release|Any CPU
	EndGlobalSection
	GlobalSection(ProjectConfigurationPlatforms) = postSolution
		{683CC302-ADA9-4D6D-B482-BCA32FB300A1}.Debug|Any CPU.ActiveCfg = Debug|Any CPU
		{683CC302-ADA9-4D6D-B482-BCA32FB300A1}.Debug|Any CPU.Build.0 = Debug|Any CPU
		{683CC302-ADA9-4D6D-B482-BCA32FB300A1}.Release|Any CPU.ActiveCfg = Release|Any CPU
		{683CC302-ADA9-4D6D-B482-BCA32FB300A1}.Release|Any CPU.Build.0 = Release|Any CPU
	EndGlobalSection
	GlobalSection(SolutionProperties) = preSolution
		HideSolutionNode = FALSE
	EndGlobalSection
	GlobalSection(ExtensibilityGlobals) = postSolution
		SolutionGuid = {7F51CBA7-0565-40A4-9C93-97D47B6DACB8}
	EndGlobalSection
EndGlobal
